
Microsoft Visual Studio Solution File, Format Version 12.00
# Visual Studio Version 17
VisualStudioVersion = 17.1.32328.378
MinimumVisualStudioVersion = 10.0.40219.1
Project("{FAE04EC0-301F-11D3-BF4B-00C04F79EFBC}") = "Ecole Coranique", "Ecole Coranique\Ecole Coranique.csproj", "{822AF365-150F-490E-A6DD-2198E926B10F}"
EndProject
Global
	GlobalSection(SolutionConfigurationPlatforms) = preSolution
		Debug|Any CPU = Debug|Any CPU
		Release|Any CPU = Release|Any CPU
	EndGlobalSection
	GlobalSection(ProjectConfigurationPlatforms) = postSolution
		{822AF365-150F-490E-A6DD-2198E926B10F}.Debug|Any CPU.ActiveCfg = Debug|Any CPU
		{822AF365-150F-490E-A6DD-2198E926B10F}.Debug|Any CPU.Build.0 = Debug|Any CPU
		{822AF365-150F-490E-A6DD-2198E926B10F}.Release|Any CPU.ActiveCfg = Release|Any CPU
		{822AF365-150F-490E-A6DD-2198E926B10F}.Release|Any CPU.Build.0 = Release|Any CPU
	EndGlobalSection
	GlobalSection(SolutionProperties) = preSolution
		HideSolutionNode = FALSE
	EndGlobalSection
	GlobalSection(ExtensibilityGlobals) = postSolution
		SolutionGuid = {7845D8F9-A511-4C00-9A19-81CCA8ACC9B3}
	EndGlobalSection
EndGlobal
